
Microsoft Visual Studio Solution File, Format Version 12.00
# Visual Studio 2012
Project("{FAE04EC0-301F-11D3-BF4B-00C04F79EFBC}") = "Ertis.WebService", "Ertis.WebService\Ertis.WebService.csproj", "{8CAC584B-337E-40E3-B5DB-0E98E548F744}"
EndProject
Project("{FAE04EC0-301F-11D3-BF4B-00C04F79EFBC}") = "Ertis.Core", "..\Ertis.Core\Ertis.Core.csproj", "{FD2D2239-14DE-4AF4-99E7-7C50503DEAC0}"
EndProject
Global
	GlobalSection(SolutionConfigurationPlatforms) = preSolution
		Debug|Any CPU = Debug|Any CPU
		Release|Any CPU = Release|Any CPU
	EndGlobalSection
	GlobalSection(ProjectConfigurationPlatforms) = postSolution
		{8CAC584B-337E-40E3-B5DB-0E98E548F744}.Debug|Any CPU.ActiveCfg = Debug|Any CPU
		{8CAC584B-337E-40E3-B5DB-0E98E548F744}.Debug|Any CPU.Build.0 = Debug|Any CPU
		{8CAC584B-337E-40E3-B5DB-0E98E548F744}.Release|Any CPU.ActiveCfg = Release|Any CPU
		{8CAC584B-337E-40E3-B5DB-0E98E548F744}.Release|Any CPU.Build.0 = Release|Any CPU
		{FD2D2239-14DE-4AF4-99E7-7C50503DEAC0}.Debug|Any CPU.ActiveCfg = Debug|Any CPU
		{FD2D2239-14DE-4AF4-99E7-7C50503DEAC0}.Debug|Any CPU.Build.0 = Debug|Any CPU
		{FD2D2239-14DE-4AF4-99E7-7C50503DEAC0}.Release|Any CPU.ActiveCfg = Release|Any CPU
		{FD2D2239-14DE-4AF4-99E7-7C50503DEAC0}.Release|Any CPU.Build.0 = Release|Any CPU
	EndGlobalSection
EndGlobal
